
Microsoft Visual Studio Solution File, Format Version 12.00
# Visual Studio 15
VisualStudioVersion = 15.0.27703.2000
MinimumVisualStudioVersion = 10.0.40219.1
Project("{FAE04EC0-301F-11D3-BF4B-00C04F79EFBC}") = "PassportValidationWeb", "PassportValidationWeb\PassportValidationWeb.csproj", "{B9A2C826-591A-4071-B1F9-1069A045766C}"
	ProjectSection(ProjectDependencies) = postProject
		{2D49B33E-3393-4F85-8541-2486608FBAC7} = {2D49B33E-3393-4F85-8541-2486608FBAC7}
	EndProjectSection
EndProject
Project("{FAE04EC0-301F-11D3-BF4B-00C04F79EFBC}") = "PassportValidationService", "PassportValidationService\PassportValidationService.csproj", "{2D49B33E-3393-4F85-8541-2486608FBAC7}"
EndProject
Project("{2150E333-8FDC-42A3-9474-1A3956D46DE8}") = "Tests", "Tests", "{BC55C0FD-0BFB-4C69-AB37-EC0AA3556774}"
EndProject
Project("{FAE04EC0-301F-11D3-BF4B-00C04F79EFBC}") = "PassportValidationLibrary_Tests", "PassportValidationLibrary_Tests\PassportValidationLibrary_Tests.csproj", "{04CB83AA-BFA6-4DE0-86F8-AEB84F3F3B8F}"
EndProject
Project("{FAE04EC0-301F-11D3-BF4B-00C04F79EFBC}") = "PassportValidationLibrary", "PassportValidationLibrary\PassportValidationLibrary.csproj", "{6D5C03A6-31E6-4723-BCD2-4A6F79E82DA2}"
EndProject
Project("{FAE04EC0-301F-11D3-BF4B-00C04F79EFBC}") = "PassportValidationServiceClient", "PassportValidationServiceClient\PassportValidationServiceClient.csproj", "{454297CD-DC04-43DB-B2A9-0A4506E4C542}"
	ProjectSection(ProjectDependencies) = postProject
		{2D49B33E-3393-4F85-8541-2486608FBAC7} = {2D49B33E-3393-4F85-8541-2486608FBAC7}
	EndProjectSection
EndProject
Global
	GlobalSection(SolutionConfigurationPlatforms) = preSolution
		Debug|Any CPU = Debug|Any CPU
		Release|Any CPU = Release|Any CPU
	EndGlobalSection
	GlobalSection(ProjectConfigurationPlatforms) = postSolution
		{B9A2C826-591A-4071-B1F9-1069A045766C}.Debug|Any CPU.ActiveCfg = Debug|Any CPU
		{B9A2C826-591A-4071-B1F9-1069A045766C}.Debug|Any CPU.Build.0 = Debug|Any CPU
		{B9A2C826-591A-4071-B1F9-1069A045766C}.Release|Any CPU.ActiveCfg = Release|Any CPU
		{B9A2C826-591A-4071-B1F9-1069A045766C}.Release|Any CPU.Build.0 = Release|Any CPU
		{2D49B33E-3393-4F85-8541-2486608FBAC7}.Debug|Any CPU.ActiveCfg = Debug|Any CPU
		{2D49B33E-3393-4F85-8541-2486608FBAC7}.Debug|Any CPU.Build.0 = Debug|Any CPU
		{2D49B33E-3393-4F85-8541-2486608FBAC7}.Release|Any CPU.ActiveCfg = Release|Any CPU
		{2D49B33E-3393-4F85-8541-2486608FBAC7}.Release|Any CPU.Build.0 = Release|Any CPU
		{04CB83AA-BFA6-4DE0-86F8-AEB84F3F3B8F}.Debug|Any CPU.ActiveCfg = Debug|Any CPU
		{04CB83AA-BFA6-4DE0-86F8-AEB84F3F3B8F}.Debug|Any CPU.Build.0 = Debug|Any CPU
		{04CB83AA-BFA6-4DE0-86F8-AEB84F3F3B8F}.Release|Any CPU.ActiveCfg = Release|Any CPU
		{04CB83AA-BFA6-4DE0-86F8-AEB84F3F3B8F}.Release|Any CPU.Build.0 = Release|Any CPU
		{6D5C03A6-31E6-4723-BCD2-4A6F79E82DA2}.Debug|Any CPU.ActiveCfg = Debug|Any CPU
		{6D5C03A6-31E6-4723-BCD2-4A6F79E82DA2}.Debug|Any CPU.Build.0 = Debug|Any CPU
		{6D5C03A6-31E6-4723-BCD2-4A6F79E82DA2}.Release|Any CPU.ActiveCfg = Release|Any CPU
		{6D5C03A6-31E6-4723-BCD2-4A6F79E82DA2}.Release|Any CPU.Build.0 = Release|Any CPU
		{454297CD-DC04-43DB-B2A9-0A4506E4C542}.Debug|Any CPU.ActiveCfg = Debug|Any CPU
		{454297CD-DC04-43DB-B2A9-0A4506E4C542}.Debug|Any CPU.Build.0 = Debug|Any CPU
		{454297CD-DC04-43DB-B2A9-0A4506E4C542}.Release|Any CPU.ActiveCfg = Release|Any CPU
		{454297CD-DC04-43DB-B2A9-0A4506E4C542}.Release|Any CPU.Build.0 = Release|Any CPU
	EndGlobalSection
	GlobalSection(SolutionProperties) = preSolution
		HideSolutionNode = FALSE
	EndGlobalSection
	GlobalSection(NestedProjects) = preSolution
		{04CB83AA-BFA6-4DE0-86F8-AEB84F3F3B8F} = {BC55C0FD-0BFB-4C69-AB37-EC0AA3556774}
	EndGlobalSection
	GlobalSection(ExtensibilityGlobals) = postSolution
		SolutionGuid = {D1521FAB-B545-4AAB-8270-94540B388B53}
	EndGlobalSection
EndGlobal
